
Microsoft Visual Studio Solution File, Format Version 12.00
# Visual Studio Version 17
VisualStudioVersion = 17.7.34221.43
MinimumVisualStudioVersion = 10.0.40219.1
Project("{FAE04EC0-301F-11D3-BF4B-00C04F79EFBC}") = "KampIntro", "KampIntro\KampIntro.csproj", "{92A4A229-2A95-4148-B576-2289702BE4C1}"
EndProject
Global
	GlobalSection(SolutionConfigurationPlatforms) = preSolution
		Debug|Any CPU = Debug|Any CPU
		Release|Any CPU = Release|Any CPU
	EndGlobalSection
	GlobalSection(ProjectConfigurationPlatforms) = postSolution
		{92A4A229-2A95-4148-B576-2289702BE4C1}.Debug|Any CPU.ActiveCfg = Debug|Any CPU
		{92A4A229-2A95-4148-B576-2289702BE4C1}.Debug|Any CPU.Build.0 = Debug|Any CPU
		{92A4A229-2A95-4148-B576-2289702BE4C1}.Release|Any CPU.ActiveCfg = Release|Any CPU
		{92A4A229-2A95-4148-B576-2289702BE4C1}.Release|Any CPU.Build.0 = Release|Any CPU
	EndGlobalSection
	GlobalSection(SolutionProperties) = preSolution
		HideSolutionNode = FALSE
	EndGlobalSection
	GlobalSection(ExtensibilityGlobals) = postSolution
		SolutionGuid = {0B1235DE-6A3B-4142-93F4-8CCD02A9FC5A}
	EndGlobalSection
EndGlobal
